
Microsoft Visual Studio Solution File, Format Version 12.00
# Visual Studio Version 16
VisualStudioVersion = 16.0.29509.3
MinimumVisualStudioVersion = 10.0.40219.1
Project("{9A19103F-16F7-4668-BE54-9A1E7A4F7556}") = "BrakePedal.NETStandard.Redis", "BrakePedal.NETStandard.Redis\BrakePedal.NETStandard.Redis.csproj", "{F2DCB6D2-AC23-4740-BC6F-C3A09D3834AE}"
EndProject
Project("{9A19103F-16F7-4668-BE54-9A1E7A4F7556}") = "BrakePedal.NETStandard", "BrakePedal.NETStandard\BrakePedal.NETStandard.csproj", "{C3A38D23-1F08-4958-B123-C1CB8255089B}"
EndProject
Project("{9A19103F-16F7-4668-BE54-9A1E7A4F7556}") = "BrakePedal.NETStandard.Tests", "BrakePedal.NETStandard.Tests\BrakePedal.NETStandard.Tests.csproj", "{7240229A-F82F-4462-B1BC-C1C7868A0BDA}"
EndProject
Project("{2150E333-8FDC-42A3-9474-1A3956D46DE8}") = "root", "root", "{1627F34F-DDB0-4A66-A610-8AD8119F6C07}"
	ProjectSection(SolutionItems) = preProject
		..\Directory.Build.props = ..\Directory.Build.props
		..\Directory.Build.targets = ..\Directory.Build.targets
	EndProjectSection
EndProject
Global
	GlobalSection(SolutionConfigurationPlatforms) = preSolution
		Debug|Any CPU = Debug|Any CPU
		Release|Any CPU = Release|Any CPU
	EndGlobalSection
	GlobalSection(ProjectConfigurationPlatforms) = postSolution
		{F2DCB6D2-AC23-4740-BC6F-C3A09D3834AE}.Debug|Any CPU.ActiveCfg = Debug|Any CPU
		{F2DCB6D2-AC23-4740-BC6F-C3A09D3834AE}.Debug|Any CPU.Build.0 = Debug|Any CPU
		{F2DCB6D2-AC23-4740-BC6F-C3A09D3834AE}.Release|Any CPU.ActiveCfg = Release|Any CPU
		{F2DCB6D2-AC23-4740-BC6F-C3A09D3834AE}.Release|Any CPU.Build.0 = Release|Any CPU
		{C3A38D23-1F08-4958-B123-C1CB8255089B}.Debug|Any CPU.ActiveCfg = Debug|Any CPU
		{C3A38D23-1F08-4958-B123-C1CB8255089B}.Debug|Any CPU.Build.0 = Debug|Any CPU
		{C3A38D23-1F08-4958-B123-C1CB8255089B}.Release|Any CPU.ActiveCfg = Release|Any CPU
		{C3A38D23-1F08-4958-B123-C1CB8255089B}.Release|Any CPU.Build.0 = Release|Any CPU
		{7240229A-F82F-4462-B1BC-C1C7868A0BDA}.Debug|Any CPU.ActiveCfg = Debug|Any CPU
		{7240229A-F82F-4462-B1BC-C1C7868A0BDA}.Debug|Any CPU.Build.0 = Debug|Any CPU
		{7240229A-F82F-4462-B1BC-C1C7868A0BDA}.Release|Any CPU.ActiveCfg = Release|Any CPU
		{7240229A-F82F-4462-B1BC-C1C7868A0BDA}.Release|Any CPU.Build.0 = Release|Any CPU
	EndGlobalSection
	GlobalSection(SolutionProperties) = preSolution
		HideSolutionNode = FALSE
	EndGlobalSection
	GlobalSection(ExtensibilityGlobals) = postSolution
		SolutionGuid = {0276F8F7-AEE2-427D-A0D7-1D556E78048A}
	EndGlobalSection
EndGlobal
